# THIS IS AN AUTOGENERATED FILE. DO NOT EDIT THIS FILE DIRECTLY.
# yarn lockfile v1


"@assemblyscript/loader@0.19.22":
  version "0.19.22"
  resolved "https://registry.yarnpkg.com/@assemblyscript/loader/-/loader-0.19.22.tgz#4a749ffde43865d1b314dce99fe0cf440cd85dc5"
  integrity sha512-ksrMVpPOatD7ZzXCw+c/g3zId5rm8MMnQe7P32dH/qtDrgT9SbQjJYEngRP0YhRF0qrBCga2PtpID7arqphGyg==

"@esbuild/android-arm64@0.17.19":
  version "0.17.19"
  resolved "https://registry.yarnpkg.com/@esbuild/android-arm64/-/android-arm64-0.17.19.tgz#bafb75234a5d3d1b690e7c2956a599345e84a2fd"
  integrity sha512-KBMWvEZooR7+kzY0BtbTQn0OAYY7CsiydT63pVEaPtVYF0hXbUaOyZog37DKxK7NF3XacBJOpYT4adIJh+avxA==

"@esbuild/android-arm@0.17.19":
  version "0.17.19"
  resolved "https://registry.yarnpkg.com/@esbuild/android-arm/-/android-arm-0.17.19.tgz#5898f7832c2298bc7d0ab53701c57beb74d78b4d"
  integrity sha512-rIKddzqhmav7MSmoFCmDIb6e2W57geRsM94gV2l38fzhXMwq7hZoClug9USI2pFRGL06f4IOPHHpFNOkWieR8A==

"@esbuild/android-x64@0.17.19":
  version "0.17.19"
  resolved "https://registry.yarnpkg.com/@esbuild/android-x64/-/android-x64-0.17.19.tgz#658368ef92067866d95fb268719f98f363d13ae1"
  integrity sha512-uUTTc4xGNDT7YSArp/zbtmbhO0uEEK9/ETW29Wk1thYUJBz3IVnvgEiEwEa9IeLyvnpKrWK64Utw2bgUmDveww==

"@esbuild/darwin-arm64@0.17.19":
  version "0.17.19"
  resolved "https://registry.yarnpkg.com/@esbuild/darwin-arm64/-/darwin-arm64-0.17.19.tgz#584c34c5991b95d4d48d333300b1a4e2ff7be276"
  integrity sha512-80wEoCfF/hFKM6WE1FyBHc9SfUblloAWx6FJkFWTWiCoht9Mc0ARGEM47e67W9rI09YoUxJL68WHfDRYEAvOhg==

"@esbuild/darwin-x64@0.17.19":
  version "0.17.19"
  resolved "https://registry.yarnpkg.com/@esbuild/darwin-x64/-/darwin-x64-0.17.19.tgz#7751d236dfe6ce136cce343dce69f52d76b7f6cb"
  integrity sha512-IJM4JJsLhRYr9xdtLytPLSH9k/oxR3boaUIYiHkAawtwNOXKE8KoU8tMvryogdcT8AU+Bflmh81Xn6Q0vTZbQw==

"@esbuild/freebsd-arm64@0.17.19":
  version "0.17.19"
  resolved "https://registry.yarnpkg.com/@esbuild/freebsd-arm64/-/freebsd-arm64-0.17.19.tgz#cacd171665dd1d500f45c167d50c6b7e539d5fd2"
  integrity sha512-pBwbc7DufluUeGdjSU5Si+P3SoMF5DQ/F/UmTSb8HXO80ZEAJmrykPyzo1IfNbAoaqw48YRpv8shwd1NoI0jcQ==

"@esbuild/freebsd-x64@0.17.19":
  version "0.17.19"
  resolved "https://registry.yarnpkg.com/@esbuild/freebsd-x64/-/freebsd-x64-0.17.19.tgz#0769456eee2a08b8d925d7c00b79e861cb3162e4"
  integrity sha512-4lu+n8Wk0XlajEhbEffdy2xy53dpR06SlzvhGByyg36qJw6Kpfk7cp45DR/62aPH9mtJRmIyrXAS5UWBrJT6TQ==

"@esbuild/linux-arm64@0.17.19":
  version "0.17.19"
  resolved "https://registry.yarnpkg.com/@esbuild/linux-arm64/-/linux-arm64-0.17.19.tgz#38e162ecb723862c6be1c27d6389f48960b68edb"
  integrity sha512-ct1Tg3WGwd3P+oZYqic+YZF4snNl2bsnMKRkb3ozHmnM0dGWuxcPTTntAF6bOP0Sp4x0PjSF+4uHQ1xvxfRKqg==

"@esbuild/linux-arm@0.17.19":
  version "0.17.19"
  resolved "https://registry.yarnpkg.com/@esbuild/linux-arm/-/linux-arm-0.17.19.tgz#1a2cd399c50040184a805174a6d89097d9d1559a"
  integrity sha512-cdmT3KxjlOQ/gZ2cjfrQOtmhG4HJs6hhvm3mWSRDPtZ/lP5oe8FWceS10JaSJC13GBd4eH/haHnqf7hhGNLerA==

"@esbuild/linux-ia32@0.17.19":
  version "0.17.19"
  resolved "https://registry.yarnpkg.com/@esbuild/linux-ia32/-/linux-ia32-0.17.19.tgz#e28c25266b036ce1cabca3c30155222841dc035a"
  integrity sha512-w4IRhSy1VbsNxHRQpeGCHEmibqdTUx61Vc38APcsRbuVgK0OPEnQ0YD39Brymn96mOx48Y2laBQGqgZ0j9w6SQ==

"@esbuild/linux-loong64@0.17.19":
  version "0.17.19"
  resolved "https://registry.yarnpkg.com/@esbuild/linux-loong64/-/linux-loong64-0.17.19.tgz#0f887b8bb3f90658d1a0117283e55dbd4c9dcf72"
  integrity sha512-2iAngUbBPMq439a+z//gE+9WBldoMp1s5GWsUSgqHLzLJ9WoZLZhpwWuym0u0u/4XmZ3gpHmzV84PonE+9IIdQ==

"@esbuild/linux-mips64el@0.17.19":
  version "0.17.19"
  resolved "https://registry.yarnpkg.com/@esbuild/linux-mips64el/-/linux-mips64el-0.17.19.tgz#f5d2a0b8047ea9a5d9f592a178ea054053a70289"
  integrity sha512-LKJltc4LVdMKHsrFe4MGNPp0hqDFA1Wpt3jE1gEyM3nKUvOiO//9PheZZHfYRfYl6AwdTH4aTcXSqBerX0ml4A==

"@esbuild/linux-ppc64@0.17.19":
  version "0.17.19"
  resolved "https://registry.yarnpkg.com/@esbuild/linux-ppc64/-/linux-ppc64-0.17.19.tgz#876590e3acbd9fa7f57a2c7d86f83717dbbac8c7"
  integrity sha512-/c/DGybs95WXNS8y3Ti/ytqETiW7EU44MEKuCAcpPto3YjQbyK3IQVKfF6nbghD7EcLUGl0NbiL5Rt5DMhn5tg==

"@esbuild/linux-riscv64@0.17.19":
  version "0.17.19"
  resolved "https://registry.yarnpkg.com/@esbuild/linux-riscv64/-/linux-riscv64-0.17.19.tgz#7f49373df463cd9f41dc34f9b2262d771688bf09"
  integrity sha512-FC3nUAWhvFoutlhAkgHf8f5HwFWUL6bYdvLc/TTuxKlvLi3+pPzdZiFKSWz/PF30TB1K19SuCxDTI5KcqASJqA==

"@esbuild/linux-s390x@0.17.19":
  version "0.17.19"
  resolved "https://registry.yarnpkg.com/@esbuild/linux-s390x/-/linux-s390x-0.17.19.tgz#e2afd1afcaf63afe2c7d9ceacd28ec57c77f8829"
  integrity sha512-IbFsFbxMWLuKEbH+7sTkKzL6NJmG2vRyy6K7JJo55w+8xDk7RElYn6xvXtDW8HCfoKBFK69f3pgBJSUSQPr+4Q==

"@esbuild/linux-x64@0.17.19":
  version "0.17.19"
  resolved "https://registry.yarnpkg.com/@esbuild/linux-x64/-/linux-x64-0.17.19.tgz#8a0e9738b1635f0c53389e515ae83826dec22aa4"
  integrity sha512-68ngA9lg2H6zkZcyp22tsVt38mlhWde8l3eJLWkyLrp4HwMUr3c1s/M2t7+kHIhvMjglIBrFpncX1SzMckomGw==

"@esbuild/netbsd-x64@0.17.19":
  version "0.17.19"
  resolved "https://registry.yarnpkg.com/@esbuild/netbsd-x64/-/netbsd-x64-0.17.19.tgz#c29fb2453c6b7ddef9a35e2c18b37bda1ae5c462"
  integrity sha512-CwFq42rXCR8TYIjIfpXCbRX0rp1jo6cPIUPSaWwzbVI4aOfX96OXY8M6KNmtPcg7QjYeDmN+DD0Wp3LaBOLf4Q==

"@esbuild/openbsd-x64@0.17.19":
  version "0.17.19"
  resolved "https://registry.yarnpkg.com/@esbuild/openbsd-x64/-/openbsd-x64-0.17.19.tgz#95e75a391403cb10297280d524d66ce04c920691"
  integrity sha512-cnq5brJYrSZ2CF6c35eCmviIN3k3RczmHz8eYaVlNasVqsNY+JKohZU5MKmaOI+KkllCdzOKKdPs762VCPC20g==

"@esbuild/sunos-x64@0.17.19":
  version "0.17.19"
  resolved "https://registry.yarnpkg.com/@esbuild/sunos-x64/-/sunos-x64-0.17.19.tgz#722eaf057b83c2575937d3ffe5aeb16540da7273"
  integrity sha512-vCRT7yP3zX+bKWFeP/zdS6SqdWB8OIpaRq/mbXQxTGHnIxspRtigpkUcDMlSCOejlHowLqII7K2JKevwyRP2rg==

"@esbuild/win32-arm64@0.17.19":
  version "0.17.19"
  resolved "https://registry.yarnpkg.com/@esbuild/win32-arm64/-/win32-arm64-0.17.19.tgz#9aa9dc074399288bdcdd283443e9aeb6b9552b6f"
  integrity sha512-yYx+8jwowUstVdorcMdNlzklLYhPxjniHWFKgRqH7IFlUEa0Umu3KuYplf1HUZZ422e3NU9F4LGb+4O0Kdcaag==

"@esbuild/win32-ia32@0.17.19":
  version "0.17.19"
  resolved "https://registry.yarnpkg.com/@esbuild/win32-ia32/-/win32-ia32-0.17.19.tgz#95ad43c62ad62485e210f6299c7b2571e48d2b03"
  integrity sha512-eggDKanJszUtCdlVs0RB+h35wNlb5v4TWEkq4vZcmVt5u/HiDZrTXe2bWFQUez3RgNHwx/x4sk5++4NSSicKkw==

"@esbuild/win32-x64@0.17.19":
  version "0.17.19"
  resolved "https://registry.yarnpkg.com/@esbuild/win32-x64/-/win32-x64-0.17.19.tgz#8cfaf2ff603e9aabb910e9c0558c26cf32744061"
  integrity sha512-lAhycmKnVOuRYNtRtatQR1LPQf2oYCkRGkSFnseDAKPl8lu5SOsK/e1sXe5a0Pc5kHIHe6P2I/ilntNv2xf3cA==

"@stitches/react@^1.2.8":
  version "1.2.8"
  resolved "https://registry.yarnpkg.com/@stitches/react/-/react-1.2.8.tgz#954f8008be8d9c65c4e58efa0937f32388ce3a38"
  integrity sha512-9g9dWI4gsSVe8bNLlb+lMkBYsnIKCZTmvqvDG+Avnn69XfmHZKiaMrx7cgTaddq7aTPPmXiTsbFcUy0xgI4+wA==

"@types/crypto-js@^4.0.2":
  version "4.1.1"
  resolved "https://registry.yarnpkg.com/@types/crypto-js/-/crypto-js-4.1.1.tgz#602859584cecc91894eb23a4892f38cfa927890d"
  integrity sha512-BG7fQKZ689HIoc5h+6D2Dgq1fABRa0RbBWKBd9SP/MVRVXROflpm5fhwyATX5duFmbStzyzyycPB8qUYKDH3NA==

"@types/node@20.2.5":
  version "20.2.5"
  resolved "https://registry.yarnpkg.com/@types/node/-/node-20.2.5.tgz#26d295f3570323b2837d322180dfbf1ba156fefb"
  integrity sha512-JJulVEQXmiY9Px5axXHeYGLSjhkZEnD+MDPDGbCbIAbMslkKwmygtZFy1X6s/075Yo94sf8GuSlFfPzysQrWZQ==

"@types/prop-types@*":
  version "15.7.5"
  resolved "https://registry.yarnpkg.com/@types/prop-types/-/prop-types-15.7.5.tgz#5f19d2b85a98e9558036f6a3cacc8819420f05cf"
  integrity sha512-JCB8C6SnDoQf0cNycqd/35A7MjcnK+ZTqE7judS6o7utxUCg6imJg3QK2qzHKszlTjcj2cn+NwMB2i96ubpj7w==

"@types/react-dom@18.2.4":
  version "18.2.4"
  resolved "https://registry.yarnpkg.com/@types/react-dom/-/react-dom-18.2.4.tgz#13f25bfbf4e404d26f62ac6e406591451acba9e0"
  integrity sha512-G2mHoTMTL4yoydITgOGwWdWMVd8sNgyEP85xVmMKAPUBwQWm9wBPQUmvbeF4V3WBY1P7mmL4BkjQ0SqUpf1snw==
  dependencies:
    "@types/react" "*"

"@types/react@*", "@types/react@18.2.8":
  version "18.2.8"
  resolved "https://registry.yarnpkg.com/@types/react/-/react-18.2.8.tgz#a77dcffe4e9af148ca4aa8000c51a1e8ed99e2c8"
  integrity sha512-lTyWUNrd8ntVkqycEEplasWy2OxNlShj3zqS0LuB1ENUGis5HodmhM7DtCoUGbxj3VW/WsGA0DUhpG6XrM7gPA==
  dependencies:
    "@types/prop-types" "*"
    "@types/scheduler" "*"
    csstype "^3.0.2"

"@types/scheduler@*":
  version "0.16.3"
  resolved "https://registry.yarnpkg.com/@types/scheduler/-/scheduler-0.16.3.tgz#cef09e3ec9af1d63d2a6cc5b383a737e24e6dcf5"
  integrity sha512-5cJ8CB4yAx7BH1oMvdU0Jh9lrEXyPkar6F9G/ERswkCuvP4KQZfZkSjcMbAICCpQTN4OuZn8tz0HiKv9TGZgrQ==

"@types/shallowequal@^1.1.1":
  version "1.1.1"
  resolved "https://registry.yarnpkg.com/@types/shallowequal/-/shallowequal-1.1.1.tgz#aad262bb3f2b1257d94c71d545268d592575c9b1"
  integrity sha512-Lhni3aX80zbpdxRuWhnuYPm8j8UQaa571lHP/xI4W+7BAFhSIhRReXnqjEgT/XzPoXZTJkCqstFMJ8CZTK6IlQ==

"@voiceflow/base-types@2.71.3":
  version "2.71.3"
  resolved "https://registry.yarnpkg.com/@voiceflow/base-types/-/base-types-2.71.3.tgz#76e9e9ba2185f7d587e8a5cdbc7409f49dde75c4"
  integrity sha512-3WUmSoiUR1SAWAUREkvskpH/AZbaKfcFQ2ARKe5s2kTTAsCpYyfdN2/MoG8RDSSNbr19FwYux85qYhrUK8V3Xg==
  dependencies:
    "@voiceflow/common" "^8.1.5"
    slate "0.73.0"

"@voiceflow/base-types@^2.71.3", "@voiceflow/base-types@^2.85.0":
  version "2.85.0"
  resolved "https://registry.yarnpkg.com/@voiceflow/base-types/-/base-types-2.85.0.tgz#0a3bb1bd4bf17ecd25aae5f678b45b348c2d930c"
  integrity sha512-VKuf6sROLGhdqRstOJXISIA2PHbT1rtM5QalQYPh5HkFuXjoJxMOcT6dfev+yfuffJCQWwl8JiK3CNk+YQQRWA==
  dependencies:
    "@voiceflow/common" "^8.2.0"
    slate "0.73.0"

"@voiceflow/chat-types@^2.13.5":
  version "2.13.49"
  resolved "https://registry.yarnpkg.com/@voiceflow/chat-types/-/chat-types-2.13.49.tgz#1024a722ac084f9bd15e9e1585d5ebc90746882b"
  integrity sha512-96I76WeLjI9SyyjvqraM9uC5Lf/X20INlfJGqLn2+KURdZ69U+fJrNApsjwXIC2QvRsVXFYr+BooVM3/xiBTjg==
  dependencies:
    "@voiceflow/base-types" "^2.85.0"
    "@voiceflow/common" "^8.2.0"

"@voiceflow/common@^8.1.5", "@voiceflow/common@^8.2.0":
  version "8.2.0"
  resolved "https://registry.yarnpkg.com/@voiceflow/common/-/common-8.2.0.tgz#ecfef04ebd4386b292bc11db40296c5f4ee67a40"
  integrity sha512-gg7qzfiy/+nilSl7mTHawlkcIkcR8CNDQpn4q3+eAo+VAFXFyp/3fwLVl0JsSD+FUCak0BdNPfkNdEY6h5IVIw==
  dependencies:
    "@types/crypto-js" "^4.0.2"
    "@types/shallowequal" "^1.1.1"
    bson-objectid "^2.0.1"
    crypto-js "^4.1.1"
    cuid "^2.1.8"
    dayjs "1.10.7"
    lodash "^4.17.21"
    murmurhash-wasm "^1.3.0"
    number-to-words "^1.2.4"
    shallowequal "^1.1.0"
    typescript-fsa "3.0.0"

"@voiceflow/react-chat@1.35.0":
  version "1.35.0"
  resolved "https://registry.yarnpkg.com/@voiceflow/react-chat/-/react-chat-1.35.0.tgz#68b30a87b2cc1453bc15ece69f13ebc884cf683d"
  integrity sha512-7y3NX/tu1mChByiIeQNhyhHsE/A86HNSqxG+7gtBATEMRREPKzXDL+DyfwNNEEGpzuTu59jwMlAVpqgbkMiP4w==
  dependencies:
    "@stitches/react" "^1.2.8"
    "@voiceflow/base-types" "2.71.3"
    "@voiceflow/sdk-runtime" "1.5.3"
    "@voiceflow/slate-serializer" "1.2.2"
    "@voiceflow/voiceflow-types" "3.20.20"
    bowser "^2.11.0"
    chroma-js "2.4.2"
    csstype "3.1.0"
    cuid "^2.1.8"
    dayjs "^1.11.5"
    react "18.2.0"
    react-dom "18.2.0"
    remeda "^1.0.1"
    slate "^0.72.3"
    ts-pattern "^4.0.5"
    type-fest "2.18.1"

"@voiceflow/sdk-runtime@1.5.3":
  version "1.5.3"
  resolved "https://registry.yarnpkg.com/@voiceflow/sdk-runtime/-/sdk-runtime-1.5.3.tgz#8cd408bba87146ad32ba595435e2e21bb50c554b"
  integrity sha512-X0uEk3azIDY5WG/MQaSUqBWkrmoA6oUgDkXX5jkD603O0bYo7lybBSXeuC+HmW1QG1UyyNiIQoWtjgoL3Q5n3w==
  dependencies:
    "@voiceflow/base-types" "2.71.3"
    http-errors "2.0.0"

"@voiceflow/slate-serializer@1.2.2":
  version "1.2.2"
  resolved "https://registry.yarnpkg.com/@voiceflow/slate-serializer/-/slate-serializer-1.2.2.tgz#69711c6581bf33b53c47bc42699c4c87a3bd8bf1"
  integrity sha512-idX3YyQ9dvhx3U6dPZfMFvC/fw9AiUxCsVSoGGi7HHLm5afbKyA0WMmhABqvIsbKucQ1GwrkOR9Bgpch/1psow==
  dependencies:
    csstype "^3.0.9"

"@voiceflow/voice-types@^2.8.16":
  version "2.9.30"
  resolved "https://registry.yarnpkg.com/@voiceflow/voice-types/-/voice-types-2.9.30.tgz#ddaf7dbd9356678a646f6094c61d861ec6c1a64c"
  integrity sha512-K/E71nIjS9LnIqoXYTBqIUfiTZkkbKuWQh4Avbo5lQ8Z/TtpHdvsMK40Pd7bbCyaoF2jZ9B1olnr/eQzHBQGOQ==
  dependencies:
    "@voiceflow/base-types" "^2.85.0"
    "@voiceflow/common" "^8.2.0"

"@voiceflow/voiceflow-types@3.20.20":
  version "3.20.20"
  resolved "https://registry.yarnpkg.com/@voiceflow/voiceflow-types/-/voiceflow-types-3.20.20.tgz#28426a2c32eb3c3986be5ae8768b609a584d0942"
  integrity sha512-UCBLVaVpSHPDmLbRg8BoAqzFmSwhaMJI/bhz6FkX2JO9vXqIMlxKsM8bEhd31efkDFKKtvOgbm11QYSCNHWrWg==
  dependencies:
    "@voiceflow/base-types" "^2.71.3"
    "@voiceflow/chat-types" "^2.13.5"
    "@voiceflow/voice-types" "^2.8.16"

base64-js@^1.3.1:
  version "1.5.1"
  resolved "https://registry.yarnpkg.com/base64-js/-/base64-js-1.5.1.tgz#1b1b440160a5bf7ad40b650f095963481903930a"
  integrity sha512-AKpaYlHn8t4SVbOHCy+b5+KKgvR4vrsD8vbvrbiQJps7fKDTkjkDry6ji0rUJjC0kzbNePLwzxq8iypo41qeWA==

bowser@^2.11.0:
  version "2.11.0"
  resolved "https://registry.yarnpkg.com/bowser/-/bowser-2.11.0.tgz#5ca3c35757a7aa5771500c70a73a9f91ef420a8f"
  integrity sha512-AlcaJBi/pqqJBIQ8U9Mcpc9i8Aqxn88Skv5d+xBX006BY5u8N3mGLHa5Lgppa7L/HfwgwLgZ6NYs+Ag6uUmJRA==

bson-objectid@^2.0.1:
  version "2.0.4"
  resolved "https://registry.yarnpkg.com/bson-objectid/-/bson-objectid-2.0.4.tgz#339211572ef97dc98f2d68eaee7b99b7be59a089"
  integrity sha512-vgnKAUzcDoa+AeyYwXCoHyF2q6u/8H46dxu5JN+4/TZeq/Dlinn0K6GvxsCLb3LHUJl0m/TLiEK31kUwtgocMQ==

buffer@6.0.3:
  version "6.0.3"
  resolved "https://registry.yarnpkg.com/buffer/-/buffer-6.0.3.tgz#2ace578459cc8fbe2a70aaa8f52ee63b6a74c6c6"
  integrity sha512-FTiCpNxtwiZZHEZbcbTIcZjERVICn9yq/pDFkTl95/AxzD1naBctN7YO68riM/gLSDY7sdrMby8hofADYuuqOA==
  dependencies:
    base64-js "^1.3.1"
    ieee754 "^1.2.1"

chroma-js@2.4.2:
  version "2.4.2"
  resolved "https://registry.yarnpkg.com/chroma-js/-/chroma-js-2.4.2.tgz#dffc214ed0c11fa8eefca2c36651d8e57cbfb2b0"
  integrity sha512-U9eDw6+wt7V8z5NncY2jJfZa+hUH8XEj8FQHgFJTrUFnJfXYf4Ml4adI2vXZOjqRDpFWtYVWypDfZwnJ+HIR4A==

crypto-js@^4.1.1:
  version "4.1.1"
  resolved "https://registry.yarnpkg.com/crypto-js/-/crypto-js-4.1.1.tgz#9e485bcf03521041bd85844786b83fb7619736cf"
  integrity sha512-o2JlM7ydqd3Qk9CA0L4NL6mTzU2sdx96a+oOfPu8Mkl/PK51vSyoi8/rQ8NknZtk44vq15lmhAj9CIAGwgeWKw==

csstype@3.1.0:
  version "3.1.0"
  resolved "https://registry.yarnpkg.com/csstype/-/csstype-3.1.0.tgz#4ddcac3718d787cf9df0d1b7d15033925c8f29f2"
  integrity sha512-uX1KG+x9h5hIJsaKR9xHUeUraxf8IODOwq9JLNPq6BwB04a/xgpq3rcx47l5BZu5zBPlgD342tdke3Hom/nJRA==

csstype@^3.0.2, csstype@^3.0.9:
  version "3.1.2"
  resolved "https://registry.yarnpkg.com/csstype/-/csstype-3.1.2.tgz#1d4bf9d572f11c14031f0436e1c10bc1f571f50b"
  integrity sha512-I7K1Uu0MBPzaFKg4nI5Q7Vs2t+3gWWW648spaF+Rg7pI9ds18Ugn+lvg4SHczUdKlHI5LWBXyqfS8+DufyBsgQ==

cuid@^2.1.8:
  version "2.1.8"
  resolved "https://registry.yarnpkg.com/cuid/-/cuid-2.1.8.tgz#cbb88f954171e0d5747606c0139fb65c5101eac0"
  integrity sha512-xiEMER6E7TlTPnDxrM4eRiC6TRgjNX9xzEZ5U/Se2YJKr7Mq4pJn/2XEHjl3STcSh96GmkHPcBXLES8M29wyyg==

dayjs@1.10.7:
  version "1.10.7"
  resolved "https://registry.yarnpkg.com/dayjs/-/dayjs-1.10.7.tgz#2cf5f91add28116748440866a0a1d26f3a6ce468"
  integrity sha512-P6twpd70BcPK34K26uJ1KT3wlhpuOAPoMwJzpsIWUxHZ7wpmbdZL/hQqBDfz7hGurYSa5PhzdhDHtt319hL3ig==

dayjs@^1.11.5:
  version "1.11.8"
  resolved "https://registry.yarnpkg.com/dayjs/-/dayjs-1.11.8.tgz#4282f139c8c19dd6d0c7bd571e30c2d0ba7698ea"
  integrity sha512-LcgxzFoWMEPO7ggRv1Y2N31hUf2R0Vj7fuy/m+Bg1K8rr+KAs1AEy4y9jd5DXe8pbHgX+srkHNS7TH6Q6ZhYeQ==

depd@2.0.0:
  version "2.0.0"
  resolved "https://registry.yarnpkg.com/depd/-/depd-2.0.0.tgz#b696163cc757560d09cf22cc8fad1571b79e76df"
  integrity sha512-g7nH6P6dyDioJogAAGprGpCtVImJhpPk/roCzdb3fIh61/s/nPsfR6onyMwkCAR/OlC3yBC0lESvUoQEAssIrw==

esbuild@^0.17.5:
  version "0.17.19"
  resolved "https://registry.yarnpkg.com/esbuild/-/esbuild-0.17.19.tgz#087a727e98299f0462a3d0bcdd9cd7ff100bd955"
  integrity sha512-XQ0jAPFkK/u3LcVRcvVHQcTIqD6E2H1fvZMA5dQPSOWb3suUbWbfbRf94pjc0bNzRYLfIrDRQXr7X+LHIm5oHw==
  optionalDependencies:
    "@esbuild/android-arm" "0.17.19"
    "@esbuild/android-arm64" "0.17.19"
    "@esbuild/android-x64" "0.17.19"
    "@esbuild/darwin-arm64" "0.17.19"
    "@esbuild/darwin-x64" "0.17.19"
    "@esbuild/freebsd-arm64" "0.17.19"
    "@esbuild/freebsd-x64" "0.17.19"
    "@esbuild/linux-arm" "0.17.19"
    "@esbuild/linux-arm64" "0.17.19"
    "@esbuild/linux-ia32" "0.17.19"
    "@esbuild/linux-loong64" "0.17.19"
    "@esbuild/linux-mips64el" "0.17.19"
    "@esbuild/linux-ppc64" "0.17.19"
    "@esbuild/linux-riscv64" "0.17.19"
    "@esbuild/linux-s390x" "0.17.19"
    "@esbuild/linux-x64" "0.17.19"
    "@esbuild/netbsd-x64" "0.17.19"
    "@esbuild/openbsd-x64" "0.17.19"
    "@esbuild/sunos-x64" "0.17.19"
    "@esbuild/win32-arm64" "0.17.19"
    "@esbuild/win32-ia32" "0.17.19"
    "@esbuild/win32-x64" "0.17.19"

fsevents@~2.3.2:
  version "2.3.2"
  resolved "https://registry.yarnpkg.com/fsevents/-/fsevents-2.3.2.tgz#8a526f78b8fdf4623b709e0b975c52c24c02fd1a"
  integrity sha512-xiqMQR4xAeHTuB9uWm+fFRcIOgKBMiOBP+eXiyT7jsgVCq1bkVygt00oASowB7EdtpOHaaPgKt812P9ab+DDKA==

http-errors@2.0.0:
  version "2.0.0"
  resolved "https://registry.yarnpkg.com/http-errors/-/http-errors-2.0.0.tgz#b7774a1486ef73cf7667ac9ae0858c012c57b9d3"
  integrity sha512-FtwrG/euBzaEjYeRqOgly7G0qviiXoJWnvEH2Z1plBdXgbyjv34pHTSb9zoeHMyDy33+DWy5Wt9Wo+TURtOYSQ==
  dependencies:
    depd "2.0.0"
    inherits "2.0.4"
    setprototypeof "1.2.0"
    statuses "2.0.1"
    toidentifier "1.0.1"

ieee754@^1.2.1:
  version "1.2.1"
  resolved "https://registry.yarnpkg.com/ieee754/-/ieee754-1.2.1.tgz#8eb7a10a63fff25d15a57b001586d177d1b0d352"
  integrity sha512-dcyqhDvX1C46lXZcVqCpK+FtMRQVdIMN6/Df5js2zouUsqG7I6sFxitIC+7KYK29KdXOLHdu9zL4sFnoVQnqaA==

immer@^9.0.6:
  version "9.0.21"
  resolved "https://registry.yarnpkg.com/immer/-/immer-9.0.21.tgz#1e025ea31a40f24fb064f1fef23e931496330176"
  integrity sha512-bc4NBHqOqSfRW7POMkHd51LvClaeMXpm8dx0e8oE2GORbq5aRK7Bxl4FyzVLdGtLmvLKL7BTDBG5ACQm4HWjTA==

inherits@2.0.4:
  version "2.0.4"
  resolved "https://registry.yarnpkg.com/inherits/-/inherits-2.0.4.tgz#0fa2c64f932917c3433a0ded55363aae37416b7c"
  integrity sha512-k/vGaX4/Yla3WzyMCvTQOXYeIHvqOKtnqBduzTHpzpQZzAskKMhZ2K+EnBiSM9zGSoIFeMpXKxa4dYeZIQqewQ==

is-plain-object@^5.0.0:
  version "5.0.0"
  resolved "https://registry.yarnpkg.com/is-plain-object/-/is-plain-object-5.0.0.tgz#4427f50ab3429e9025ea7d52e9043a9ef4159344"
  integrity sha512-VRSzKkbMm5jMDoKLbltAkFQ5Qr7VDiTFGXxYFXXowVj387GeGNOCsOH6Msy00SGZ3Fp84b1Naa1psqgcCIEP5Q==

"js-tokens@^3.0.0 || ^4.0.0":
  version "4.0.0"
  resolved "https://registry.yarnpkg.com/js-tokens/-/js-tokens-4.0.0.tgz#19203fb59991df98e3a287050d4647cdeaf32499"
  integrity sha512-RdJUflcE3cUzKiMqQgsCu06FPu9UdIJO0beYbPhHN4k6apgJtifcoCtT9bcxOpYBtpD2kCM6Sbzg4CausW/PKQ==

lodash@^4.17.21:
  version "4.17.21"
  resolved "https://registry.yarnpkg.com/lodash/-/lodash-4.17.21.tgz#679591c564c3bffaae8454cf0b3df370c3d6911c"
  integrity sha512-v2kDEe57lecTulaDIuNTPy3Ry4gLGJ6Z1O3vE1krgXZNrsQ+LFTGHVxVjcXPs17LhbZVGedAJv8XZ1tvj5FvSg==

loose-envify@^1.1.0:
  version "1.4.0"
  resolved "https://registry.yarnpkg.com/loose-envify/-/loose-envify-1.4.0.tgz#71ee51fa7be4caec1a63839f7e682d8132d30caf"
  integrity sha512-lyuxPGr/Wfhrlem2CL/UcnUc1zcqKAImBDzukY7Y5F/yQiNdko6+fRLevlw1HgMySw7f611UIY408EtxRSoK3Q==
  dependencies:
    js-tokens "^3.0.0 || ^4.0.0"

murmurhash-wasm@^1.3.0:
  version "1.3.0"
  resolved "https://registry.yarnpkg.com/murmurhash-wasm/-/murmurhash-wasm-1.3.0.tgz#46f9a569667a8c9656077f6b09684761048eb671"
  integrity sha512-1uNs6tnKZBmi0g8pBgIGYfv2BozBtZd3Nl9uaJgCng+9raaTe3uuWU68k9hA/KF9w271H4lkFhlj8ENedKSzUA==
  dependencies:
    "@assemblyscript/loader" "0.19.22"
    buffer "6.0.3"

nanoid@^3.3.6:
  version "3.3.6"
  resolved "https://registry.yarnpkg.com/nanoid/-/nanoid-3.3.6.tgz#443380c856d6e9f9824267d960b4236ad583ea4c"
  integrity sha512-BGcqMMJuToF7i1rt+2PWSNVnWIkGCU78jBG3RxO/bZlnZPK2Cmi2QaffxGO/2RvWi9sL+FAiRiXMgsyxQ1DIDA==

number-to-words@^1.2.4:
  version "1.2.4"
  resolved "https://registry.yarnpkg.com/number-to-words/-/number-to-words-1.2.4.tgz#e0f124de9628f8d86c4eeb89bac6c07699264501"
  integrity sha512-/fYevVkXRcyBiZDg6yzZbm0RuaD6i0qRfn8yr+6D0KgBMOndFPxuW10qCHpzs50nN8qKuv78k8MuotZhcVX6Pw==

picocolors@^1.0.0:
  version "1.0.0"
  resolved "https://registry.yarnpkg.com/picocolors/-/picocolors-1.0.0.tgz#cb5bdc74ff3f51892236eaf79d68bc44564ab81c"
  integrity sha512-1fygroTLlHu66zi26VoTDv8yRgm0Fccecssto+MhsZ0D/DGW2sm8E8AjW7NU5VVTRt5GxbeZ5qBuJr+HyLYkjQ==

postcss@^8.4.23:
  version "8.4.24"
  resolved "https://registry.yarnpkg.com/postcss/-/postcss-8.4.24.tgz#f714dba9b2284be3cc07dbd2fc57ee4dc972d2df"
  integrity sha512-M0RzbcI0sO/XJNucsGjvWU9ERWxb/ytp1w6dKtxTKgixdtQDq4rmx/g8W1hnaheq9jgwL/oyEdH5Bc4WwJKMqg==
  dependencies:
    nanoid "^3.3.6"
    picocolors "^1.0.0"
    source-map-js "^1.0.2"

react-dom@18.2.0:
  version "18.2.0"
  resolved "https://registry.yarnpkg.com/react-dom/-/react-dom-18.2.0.tgz#22aaf38708db2674ed9ada224ca4aa708d821e3d"
  integrity sha512-6IMTriUmvsjHUjNtEDudZfuDQUoWXVxKHhlEGSk81n4YFS+r/Kl99wXiwlVXtPBtJenozv2P+hxDsw9eA7Xo6g==
  dependencies:
    loose-envify "^1.1.0"
    scheduler "^0.23.0"

react@18.2.0:
  version "18.2.0"
  resolved "https://registry.yarnpkg.com/react/-/react-18.2.0.tgz#555bd98592883255fa00de14f1151a917b5d77d5"
  integrity sha512-/3IjMdb2L9QbBdWiW5e3P2/npwMBaU9mHCSCUzNln0ZCYbcfTsGbTJrU/kGemdH2IWmB2ioZ+zkxtmq6g09fGQ==
  dependencies:
    loose-envify "^1.1.0"

remeda@^1.0.1:
  version "1.19.0"
  resolved "https://registry.yarnpkg.com/remeda/-/remeda-1.19.0.tgz#bacbd0fae72ee15bf8c7f759e7c7369ce054acea"
  integrity sha512-iwZohiXDhC1K+adRI6OB+tYxOfXyX7DaPXQDZrR5s1k7umrkG3Yd2+QDfSrYFlC7oc0IqeUns6RqSjNkERXeLw==

rollup@^3.21.0:
  version "3.24.0"
  resolved "https://registry.yarnpkg.com/rollup/-/rollup-3.24.0.tgz#865dee1fe0bb528747b59914dfab25e6f480e370"
  integrity sha512-OgraHOIg2YpHQTjl0/ymWfFNBEyPucB7lmhXrQUh38qNOegxLapSPFs9sNr0qKR75awW41D93XafoR2QfhBdUQ==
  optionalDependencies:
    fsevents "~2.3.2"

scheduler@^0.23.0:
  version "0.23.0"
  resolved "https://registry.yarnpkg.com/scheduler/-/scheduler-0.23.0.tgz#ba8041afc3d30eb206a487b6b384002e4e61fdfe"
  integrity sha512-CtuThmgHNg7zIZWAXi3AsyIzA3n4xx7aNyjwC2VJldO2LMVDhFK+63xGqq6CsJH4rTAt6/M+N4GhZiDYPx9eUw==
  dependencies:
    loose-envify "^1.1.0"

setprototypeof@1.2.0:
  version "1.2.0"
  resolved "https://registry.yarnpkg.com/setprototypeof/-/setprototypeof-1.2.0.tgz#66c9a24a73f9fc28cbe66b09fed3d33dcaf1b424"
  integrity sha512-E5LDX7Wrp85Kil5bhZv46j8jOeboKq5JMmYM3gVGdGH8xFpPWXUMsNrlODCrkoxMEeNi/XZIwuRvY4XNwYMJpw==

shallowequal@^1.1.0:
  version "1.1.0"
  resolved "https://registry.yarnpkg.com/shallowequal/-/shallowequal-1.1.0.tgz#188d521de95b9087404fd4dcb68b13df0ae4e7f8"
  integrity sha512-y0m1JoUZSlPAjXVtPPW70aZWfIL/dSP7AFkRnniLCrK/8MDKog3TySTBmckD+RObVxH0v4Tox67+F14PdED2oQ==

slate@0.73.0:
  version "0.73.0"
  resolved "https://registry.yarnpkg.com/slate/-/slate-0.73.0.tgz#7fd493c34eff9a169e583c625377e2907cc61ee8"
  integrity sha512-C3kULj/KcryFkr2+QGcJea+Z5UptOVFpaDTdELWSEk+4btDH6hvjePpIjUF4uC1sVkF2ICKXW4guxXs/t4zoSg==
  dependencies:
    immer "^9.0.6"
    is-plain-object "^5.0.0"
    tiny-warning "^1.0.3"

slate@^0.72.3:
  version "0.72.8"
  resolved "https://registry.yarnpkg.com/slate/-/slate-0.72.8.tgz#5a018edf24e45448655293a68bfbcf563aa5ba81"
  integrity sha512-/nJwTswQgnRurpK+bGJFH1oM7naD5qDmHd89JyiKNT2oOKD8marW0QSBtuFnwEbL5aGCS8AmrhXQgNOsn4osAw==
  dependencies:
    immer "^9.0.6"
    is-plain-object "^5.0.0"
    tiny-warning "^1.0.3"

source-map-js@^1.0.2:
  version "1.0.2"
  resolved "https://registry.yarnpkg.com/source-map-js/-/source-map-js-1.0.2.tgz#adbc361d9c62df380125e7f161f71c826f1e490c"
  integrity sha512-R0XvVJ9WusLiqTCEiGCmICCMplcCkIwwR11mOSD9CR5u+IXYdiseeEuXCVAjS54zqwkLcPNnmU4OeJ6tUrWhDw==

statuses@2.0.1:
  version "2.0.1"
  resolved "https://registry.yarnpkg.com/statuses/-/statuses-2.0.1.tgz#55cb000ccf1d48728bd23c685a063998cf1a1b63"
  integrity sha512-RwNA9Z/7PrK06rYLIzFMlaF+l73iwpzsqRIFgbMLbTcLD6cOao82TaWefPXQvB2fOC4AjuYSEndS7N/mTCbkdQ==

tiny-warning@^1.0.3:
  version "1.0.3"
  resolved "https://registry.yarnpkg.com/tiny-warning/-/tiny-warning-1.0.3.tgz#94a30db453df4c643d0fd566060d60a875d84754"
  integrity sha512-lBN9zLN/oAf68o3zNXYrdCt1kP8WsiGW8Oo2ka41b2IM5JL/S1CTyX1rW0mb/zSuJun0ZUrDxx4sqvYS2FWzPA==

toidentifier@1.0.1:
  version "1.0.1"
  resolved "https://registry.yarnpkg.com/toidentifier/-/toidentifier-1.0.1.tgz#3be34321a88a820ed1bd80dfaa33e479fbb8dd35"
  integrity sha512-o5sSPKEkg/DIQNmH43V0/uerLrpzVedkUh8tGNvaeXpfpuwjKenlSox/2O/BTlZUtEe+JG7s5YhEz608PlAHRA==

ts-pattern@^4.0.5:
  version "4.3.0"
  resolved "https://registry.yarnpkg.com/ts-pattern/-/ts-pattern-4.3.0.tgz#7a995b39342f1b00d1507c2d2f3b90ea16e178a6"
  integrity sha512-pefrkcd4lmIVR0LA49Imjf9DYLK8vtWhqBPA3Ya1ir8xCW0O2yjL9dsCVvI7pCodLC5q7smNpEtDR2yVulQxOg==

type-fest@2.18.1:
  version "2.18.1"
  resolved "https://registry.yarnpkg.com/type-fest/-/type-fest-2.18.1.tgz#a94f068c60b5a2d6beccccffa711210d7dd99b38"
  integrity sha512-UKCINsd4qiATXD6OIlnQw9t1ux/n2ld+Nl0kzPbCONhCaUIS/BhJbNw14w6584HCQWf3frBK8vmWnGZq/sbPHQ==

typescript-fsa@3.0.0:
  version "3.0.0"
  resolved "https://registry.yarnpkg.com/typescript-fsa/-/typescript-fsa-3.0.0.tgz#3ad1cb915a67338e013fc21f67c9b3e0e110c912"
  integrity sha512-xiXAib35i0QHl/+wMobzPibjAH5TJLDj+qGq5jwVLG9qR4FUswZURBw2qihBm0m06tHoyb3FzpnJs1GRhRwVag==

typescript@5.1.3:
  version "5.1.3"
  resolved "https://registry.yarnpkg.com/typescript/-/typescript-5.1.3.tgz#8d84219244a6b40b6fb2b33cc1c062f715b9e826"
  integrity sha512-XH627E9vkeqhlZFQuL+UsyAXEnibT0kWR2FWONlr4sTjvxyJYnyefgrkyECLzM5NenmKzRAy2rR/OlYLA1HkZw==

vite@4.3.9:
  version "4.3.9"
  resolved "https://registry.yarnpkg.com/vite/-/vite-4.3.9.tgz#db896200c0b1aa13b37cdc35c9e99ee2fdd5f96d"
  integrity sha512-qsTNZjO9NoJNW7KnOrgYwczm0WctJ8m/yqYAMAK9Lxt4SoySUfS5S8ia9K7JHpa3KEeMfyF8LoJ3c5NeBJy6pg==
  dependencies:
    esbuild "^0.17.5"
    postcss "^8.4.23"
    rollup "^3.21.0"
  optionalDependencies:
    fsevents "~2.3.2"
